
Microsoft Visual Studio Solution File, Format Version 12.00
# Visual Studio 15
VisualStudioVersion = 15.0.28010.2046
MinimumVisualStudioVersion = 10.0.40219.1
Project("{FAE04EC0-301F-11D3-BF4B-00C04F79EFBC}") = "FunCalculator", "FunCalculator.csproj", "{BC4B1530-4769-4C96-AD34-9B51BE6FC00F}"
EndProject
Global
	GlobalSection(SolutionConfigurationPlatforms) = preSolution
		Debug|Any CPU = Debug|Any CPU
		Release|Any CPU = Release|Any CPU
	EndGlobalSection
	GlobalSection(ProjectConfigurationPlatforms) = postSolution
		{BC4B1530-4769-4C96-AD34-9B51BE6FC00F}.Debug|Any CPU.ActiveCfg = Debug|Any CPU
		{BC4B1530-4769-4C96-AD34-9B51BE6FC00F}.Debug|Any CPU.Build.0 = Debug|Any CPU
		{BC4B1530-4769-4C96-AD34-9B51BE6FC00F}.Release|Any CPU.ActiveCfg = Release|Any CPU
		{BC4B1530-4769-4C96-AD34-9B51BE6FC00F}.Release|Any CPU.Build.0 = Release|Any CPU
	EndGlobalSection
	GlobalSection(SolutionProperties) = preSolution
		HideSolutionNode = FALSE
	EndGlobalSection
	GlobalSection(ExtensibilityGlobals) = postSolution
		SolutionGuid = {4FBA2848-71E1-4AA3-8E00-9F555A64C3AC}
	EndGlobalSection
EndGlobal
